
Microsoft Visual Studio Solution File, Format Version 12.00
# Visual Studio Version 17
VisualStudioVersion = 17.0.31903.59
MinimumVisualStudioVersion = 10.0.40219.1
Project("{FAE04EC0-301F-11D3-BF4B-00C04F79EFBC}") = "StoreApp", "StoreApp\StoreApp.csproj", "{7B75B759-7E4F-499F-8680-537DE9CA6147}"
EndProject
Project("{FAE04EC0-301F-11D3-BF4B-00C04F79EFBC}") = "Entities", "Entities\Entities.csproj", "{188D42D2-D667-41CB-AB22-D28FA368C98B}"
EndProject
Project("{FAE04EC0-301F-11D3-BF4B-00C04F79EFBC}") = "Repositories", "Repositories\Repositories.csproj", "{E59224D0-7AF8-4FBB-9975-92D5C39B535C}"
EndProject
Project("{FAE04EC0-301F-11D3-BF4B-00C04F79EFBC}") = "Services", "Services\Services.csproj", "{11B4D13C-1546-46BA-B1B9-EF07F2851498}"
EndProject
Project("{FAE04EC0-301F-11D3-BF4B-00C04F79EFBC}") = "Presentation", "Presentation\Presentation.csproj", "{1568132F-9986-46D1-A197-3DDBA958C08F}"
EndProject
Global
	GlobalSection(SolutionConfigurationPlatforms) = preSolution
		Debug|Any CPU = Debug|Any CPU
		Release|Any CPU = Release|Any CPU
	EndGlobalSection
	GlobalSection(SolutionProperties) = preSolution
		HideSolutionNode = FALSE
	EndGlobalSection
	GlobalSection(ProjectConfigurationPlatforms) = postSolution
		{7B75B759-7E4F-499F-8680-537DE9CA6147}.Debug|Any CPU.ActiveCfg = Debug|Any CPU
		{7B75B759-7E4F-499F-8680-537DE9CA6147}.Debug|Any CPU.Build.0 = Debug|Any CPU
		{7B75B759-7E4F-499F-8680-537DE9CA6147}.Release|Any CPU.ActiveCfg = Release|Any CPU
		{7B75B759-7E4F-499F-8680-537DE9CA6147}.Release|Any CPU.Build.0 = Release|Any CPU
		{188D42D2-D667-41CB-AB22-D28FA368C98B}.Debug|Any CPU.ActiveCfg = Debug|Any CPU
		{188D42D2-D667-41CB-AB22-D28FA368C98B}.Debug|Any CPU.Build.0 = Debug|Any CPU
		{188D42D2-D667-41CB-AB22-D28FA368C98B}.Release|Any CPU.ActiveCfg = Release|Any CPU
		{188D42D2-D667-41CB-AB22-D28FA368C98B}.Release|Any CPU.Build.0 = Release|Any CPU
		{E59224D0-7AF8-4FBB-9975-92D5C39B535C}.Debug|Any CPU.ActiveCfg = Debug|Any CPU
		{E59224D0-7AF8-4FBB-9975-92D5C39B535C}.Debug|Any CPU.Build.0 = Debug|Any CPU
		{E59224D0-7AF8-4FBB-9975-92D5C39B535C}.Release|Any CPU.ActiveCfg = Release|Any CPU
		{E59224D0-7AF8-4FBB-9975-92D5C39B535C}.Release|Any CPU.Build.0 = Release|Any CPU
		{11B4D13C-1546-46BA-B1B9-EF07F2851498}.Debug|Any CPU.ActiveCfg = Debug|Any CPU
		{11B4D13C-1546-46BA-B1B9-EF07F2851498}.Debug|Any CPU.Build.0 = Debug|Any CPU
		{11B4D13C-1546-46BA-B1B9-EF07F2851498}.Release|Any CPU.ActiveCfg = Release|Any CPU
		{11B4D13C-1546-46BA-B1B9-EF07F2851498}.Release|Any CPU.Build.0 = Release|Any CPU
		{1568132F-9986-46D1-A197-3DDBA958C08F}.Debug|Any CPU.ActiveCfg = Debug|Any CPU
		{1568132F-9986-46D1-A197-3DDBA958C08F}.Debug|Any CPU.Build.0 = Debug|Any CPU
		{1568132F-9986-46D1-A197-3DDBA958C08F}.Release|Any CPU.ActiveCfg = Release|Any CPU
		{1568132F-9986-46D1-A197-3DDBA958C08F}.Release|Any CPU.Build.0 = Release|Any CPU
	EndGlobalSection
EndGlobal
